
Microsoft Visual Studio Solution File, Format Version 12.00
# Visual Studio Version 17
VisualStudioVersion = 17.10.35013.160
MinimumVisualStudioVersion = 10.0.40219.1
Project("{9A19103F-16F7-4668-BE54-9A1E7A4F7556}") = "C64AssemblerStudio.Desktop", "C64AssemblerStudio.Desktop\C64AssemblerStudio.Desktop.csproj", "{FE618E04-EB0C-4048-B5F7-871D1BC66119}"
EndProject
Project("{2150E333-8FDC-42A3-9474-1A3956D46DE8}") = "Solution Items", "Solution Items", "{92DB7815-879D-47CC-9DEF-509FC807144B}"
	ProjectSection(SolutionItems) = preProject
		.gitignore = .gitignore
		..\..\README.md = ..\..\README.md
		..\..\CHANGELOG.md = ..\..\CHANGELOG.md
	EndProjectSection
EndProject
Project("{9A19103F-16F7-4668-BE54-9A1E7A4F7556}") = "C64AssemblerStudio.Core", "C64AssemblerStudio.Core\C64AssemblerStudio.Core.csproj", "{27E7099F-7B6E-4116-A3BE-30AA5D42EA17}"
EndProject
Project("{2150E333-8FDC-42A3-9474-1A3956D46DE8}") = "Test", "Test", "{794E89B1-8E5B-4950-A189-2DFFF92C2712}"
EndProject
Project("{9A19103F-16F7-4668-BE54-9A1E7A4F7556}") = "C64AssemblerStudio.Core.Test", "Test\C64AssemblerStudio.Core.Test\C64AssemblerStudio.Core.Test.csproj", "{3EA8E550-548C-4F4A-957A-CC8177CD1A51}"
EndProject
Project("{FAE04EC0-301F-11D3-BF4B-00C04F79EFBC}") = "C64AssemblerStudio.Engine", "C64AssemblerStudio.Engine\C64AssemblerStudio.Engine.csproj", "{E22D61AA-23FB-47DE-A86F-409066B8F867}"
EndProject
Project("{FAE04EC0-301F-11D3-BF4B-00C04F79EFBC}") = "C64AssemblerStudio.Engine.Test", "Test\C64AssemblerStudio.Engine.Test\C64AssemblerStudio.Engine.Test.csproj", "{898CDD04-955F-433C-AD9D-A1F3C6C4970A}"
EndProject
Project("{FAE04EC0-301F-11D3-BF4B-00C04F79EFBC}") = "TestsBase", "Test\TestsBase\TestsBase.csproj", "{9683A8F3-FE99-4373-A8F2-B043E07FF1AD}"
EndProject
Project("{FAE04EC0-301F-11D3-BF4B-00C04F79EFBC}") = "Righthand.RetroDbgDataProvider", "..\..\..\retro-dbg-data-provider\src\Righthand.RetroDbgDataProvider\Righthand.RetroDbgDataProvider\Righthand.RetroDbgDataProvider.csproj", "{8D6F452B-21CB-446B-88F6-26E85360E293}"
EndProject
Project("{FAE04EC0-301F-11D3-BF4B-00C04F79EFBC}") = "Righthand.ViceMonitor.Bridge", "..\..\..\vice-bridge-net\source\ViceMonitor.Bridge\Righthand.ViceMonitor.Bridge\Righthand.ViceMonitor.Bridge.csproj", "{2C17E0B1-4166-4903-AB7C-FF90ADC1B69F}"
EndProject
Project("{2150E333-8FDC-42A3-9474-1A3956D46DE8}") = "External", "External", "{03A631B0-FD22-44CC-A4D6-51C5AB48530E}"
EndProject
Global
	GlobalSection(SolutionConfigurationPlatforms) = preSolution
		Debug|Any CPU = Debug|Any CPU
		Release|Any CPU = Release|Any CPU
		Local Debug|Any CPU = Local Debug|Any CPU
	EndGlobalSection
	GlobalSection(ProjectConfigurationPlatforms) = postSolution
		{FE618E04-EB0C-4048-B5F7-871D1BC66119}.Debug|Any CPU.ActiveCfg = Debug|Any CPU
		{FE618E04-EB0C-4048-B5F7-871D1BC66119}.Debug|Any CPU.Build.0 = Debug|Any CPU
		{FE618E04-EB0C-4048-B5F7-871D1BC66119}.Release|Any CPU.ActiveCfg = Release|Any CPU
		{FE618E04-EB0C-4048-B5F7-871D1BC66119}.Release|Any CPU.Build.0 = Release|Any CPU
		{FE618E04-EB0C-4048-B5F7-871D1BC66119}.Local Debug|Any CPU.ActiveCfg = Local Debug|Any CPU
		{FE618E04-EB0C-4048-B5F7-871D1BC66119}.Local Debug|Any CPU.Build.0 = Local Debug|Any CPU
		{27E7099F-7B6E-4116-A3BE-30AA5D42EA17}.Debug|Any CPU.ActiveCfg = Debug|Any CPU
		{27E7099F-7B6E-4116-A3BE-30AA5D42EA17}.Debug|Any CPU.Build.0 = Debug|Any CPU
		{27E7099F-7B6E-4116-A3BE-30AA5D42EA17}.Release|Any CPU.ActiveCfg = Release|Any CPU
		{27E7099F-7B6E-4116-A3BE-30AA5D42EA17}.Release|Any CPU.Build.0 = Release|Any CPU
		{27E7099F-7B6E-4116-A3BE-30AA5D42EA17}.Local Debug|Any CPU.ActiveCfg = Local Debug|Any CPU
		{27E7099F-7B6E-4116-A3BE-30AA5D42EA17}.Local Debug|Any CPU.Build.0 = Local Debug|Any CPU
		{3EA8E550-548C-4F4A-957A-CC8177CD1A51}.Debug|Any CPU.ActiveCfg = Debug|Any CPU
		{3EA8E550-548C-4F4A-957A-CC8177CD1A51}.Debug|Any CPU.Build.0 = Debug|Any CPU
		{3EA8E550-548C-4F4A-957A-CC8177CD1A51}.Release|Any CPU.ActiveCfg = Release|Any CPU
		{3EA8E550-548C-4F4A-957A-CC8177CD1A51}.Release|Any CPU.Build.0 = Release|Any CPU
		{3EA8E550-548C-4F4A-957A-CC8177CD1A51}.Local Debug|Any CPU.ActiveCfg = Local Debug|Any CPU
		{3EA8E550-548C-4F4A-957A-CC8177CD1A51}.Local Debug|Any CPU.Build.0 = Local Debug|Any CPU
		{E22D61AA-23FB-47DE-A86F-409066B8F867}.Debug|Any CPU.ActiveCfg = Debug|Any CPU
		{E22D61AA-23FB-47DE-A86F-409066B8F867}.Debug|Any CPU.Build.0 = Debug|Any CPU
		{E22D61AA-23FB-47DE-A86F-409066B8F867}.Release|Any CPU.ActiveCfg = Release|Any CPU
		{E22D61AA-23FB-47DE-A86F-409066B8F867}.Release|Any CPU.Build.0 = Release|Any CPU
		{E22D61AA-23FB-47DE-A86F-409066B8F867}.Local Debug|Any CPU.ActiveCfg = Local Debug|Any CPU
		{E22D61AA-23FB-47DE-A86F-409066B8F867}.Local Debug|Any CPU.Build.0 = Local Debug|Any CPU
		{898CDD04-955F-433C-AD9D-A1F3C6C4970A}.Debug|Any CPU.ActiveCfg = Debug|Any CPU
		{898CDD04-955F-433C-AD9D-A1F3C6C4970A}.Debug|Any CPU.Build.0 = Debug|Any CPU
		{898CDD04-955F-433C-AD9D-A1F3C6C4970A}.Release|Any CPU.ActiveCfg = Release|Any CPU
		{898CDD04-955F-433C-AD9D-A1F3C6C4970A}.Release|Any CPU.Build.0 = Release|Any CPU
		{898CDD04-955F-433C-AD9D-A1F3C6C4970A}.Local Debug|Any CPU.ActiveCfg = Local Debug|Any CPU
		{898CDD04-955F-433C-AD9D-A1F3C6C4970A}.Local Debug|Any CPU.Build.0 = Local Debug|Any CPU
		{9683A8F3-FE99-4373-A8F2-B043E07FF1AD}.Debug|Any CPU.ActiveCfg = Debug|Any CPU
		{9683A8F3-FE99-4373-A8F2-B043E07FF1AD}.Debug|Any CPU.Build.0 = Debug|Any CPU
		{9683A8F3-FE99-4373-A8F2-B043E07FF1AD}.Release|Any CPU.ActiveCfg = Release|Any CPU
		{9683A8F3-FE99-4373-A8F2-B043E07FF1AD}.Release|Any CPU.Build.0 = Release|Any CPU
		{9683A8F3-FE99-4373-A8F2-B043E07FF1AD}.Local Debug|Any CPU.ActiveCfg = Local Debug|Any CPU
		{9683A8F3-FE99-4373-A8F2-B043E07FF1AD}.Local Debug|Any CPU.Build.0 = Local Debug|Any CPU
		{8D6F452B-21CB-446B-88F6-26E85360E293}.Debug|Any CPU.ActiveCfg = Debug|Any CPU
		{8D6F452B-21CB-446B-88F6-26E85360E293}.Debug|Any CPU.Build.0 = Debug|Any CPU
		{8D6F452B-21CB-446B-88F6-26E85360E293}.Release|Any CPU.ActiveCfg = Release|Any CPU
		{8D6F452B-21CB-446B-88F6-26E85360E293}.Release|Any CPU.Build.0 = Release|Any CPU
		{8D6F452B-21CB-446B-88F6-26E85360E293}.Local Debug|Any CPU.ActiveCfg = Debug|Any CPU
		{8D6F452B-21CB-446B-88F6-26E85360E293}.Local Debug|Any CPU.Build.0 = Debug|Any CPU
		{2C17E0B1-4166-4903-AB7C-FF90ADC1B69F}.Debug|Any CPU.ActiveCfg = Debug|Any CPU
		{2C17E0B1-4166-4903-AB7C-FF90ADC1B69F}.Debug|Any CPU.Build.0 = Debug|Any CPU
		{2C17E0B1-4166-4903-AB7C-FF90ADC1B69F}.Release|Any CPU.ActiveCfg = Release|Any CPU
		{2C17E0B1-4166-4903-AB7C-FF90ADC1B69F}.Release|Any CPU.Build.0 = Release|Any CPU
		{2C17E0B1-4166-4903-AB7C-FF90ADC1B69F}.Local Debug|Any CPU.ActiveCfg = Debug|Any CPU
		{2C17E0B1-4166-4903-AB7C-FF90ADC1B69F}.Local Debug|Any CPU.Build.0 = Debug|Any CPU
	EndGlobalSection
	GlobalSection(SolutionProperties) = preSolution
		HideSolutionNode = FALSE
	EndGlobalSection
	GlobalSection(NestedProjects) = preSolution
		{3EA8E550-548C-4F4A-957A-CC8177CD1A51} = {794E89B1-8E5B-4950-A189-2DFFF92C2712}
		{898CDD04-955F-433C-AD9D-A1F3C6C4970A} = {794E89B1-8E5B-4950-A189-2DFFF92C2712}
		{9683A8F3-FE99-4373-A8F2-B043E07FF1AD} = {794E89B1-8E5B-4950-A189-2DFFF92C2712}
		{8D6F452B-21CB-446B-88F6-26E85360E293} = {03A631B0-FD22-44CC-A4D6-51C5AB48530E}
		{2C17E0B1-4166-4903-AB7C-FF90ADC1B69F} = {03A631B0-FD22-44CC-A4D6-51C5AB48530E}
	EndGlobalSection
	GlobalSection(ExtensibilityGlobals) = postSolution
		SolutionGuid = {70369B70-CC8B-4090-B266-5D85087ECCAA}
	EndGlobalSection
EndGlobal
